
Microsoft Visual Studio Solution File, Format Version 12.00
# Visual Studio 14
VisualStudioVersion = 14.0.23107.0
MinimumVisualStudioVersion = 10.0.40219.1
Project("{FAE04EC0-301F-11D3-BF4B-00C04F79EFBC}") = "Qube.Web.Core", "Qube.Web.Core\Qube.Web.Core.csproj", "{43B292DD-F957-4985-B0A8-594093AE15A1}"
EndProject
Project("{FAE04EC0-301F-11D3-BF4B-00C04F79EFBC}") = "Qube.Web.UI", "Qube.Web.UI\Qube.Web.UI.csproj", "{B7E23E44-3155-4958-98E3-A99250A4422C}"
EndProject
Project("{FAE04EC0-301F-11D3-BF4B-00C04F79EFBC}") = "Qube.Web.Security", "Qube.Web.Security\Qube.Web.Security.csproj", "{E892521B-69BA-4978-95CC-08408C68B9D9}"
EndProject
Project("{FAE04EC0-301F-11D3-BF4B-00C04F79EFBC}") = "Qube.Extensions", "Qube.Extensions\Qube.Extensions.csproj", "{E5FCAF31-082A-411E-8FEB-6C524AE60C88}"
EndProject
Project("{FAE04EC0-301F-11D3-BF4B-00C04F79EFBC}") = "Qube.Console", "Qube.Console\Qube.Console.csproj", "{C2261BC0-1DB5-405F-870A-066B5E077C6C}"
EndProject
Project("{FAE04EC0-301F-11D3-BF4B-00C04F79EFBC}") = "Qube.Globalization", "Qube.Globalization\Qube.Globalization.csproj", "{7BB9D0A3-33E3-4E7E-9EE3-0208C94425B2}"
EndProject
Project("{FAE04EC0-301F-11D3-BF4B-00C04F79EFBC}") = "Qube.Drawing", "Qube.Drawing\Qube.Drawing.csproj", "{1F5516B9-FFB1-4328-93A4-8BC0C6CE6A8F}"
EndProject
Project("{FAE04EC0-301F-11D3-BF4B-00C04F79EFBC}") = "Qube.WebServices", "Qube.WebServices\Qube.WebServices.csproj", "{CC8A4980-1C4F-46A8-B6A0-7F6D3B56A802}"
EndProject
Project("{FAE04EC0-301F-11D3-BF4B-00C04F79EFBC}") = "Qube.IO", "Qube.IO\Qube.IO.csproj", "{62F9E832-C0AB-48C7-A977-8543C92DF6B0}"
EndProject
Global
	GlobalSection(SolutionConfigurationPlatforms) = preSolution
		Debug|Any CPU = Debug|Any CPU
		Release|Any CPU = Release|Any CPU
	EndGlobalSection
	GlobalSection(ProjectConfigurationPlatforms) = postSolution
		{43B292DD-F957-4985-B0A8-594093AE15A1}.Debug|Any CPU.ActiveCfg = Debug|Any CPU
		{43B292DD-F957-4985-B0A8-594093AE15A1}.Debug|Any CPU.Build.0 = Debug|Any CPU
		{43B292DD-F957-4985-B0A8-594093AE15A1}.Release|Any CPU.ActiveCfg = Release|Any CPU
		{43B292DD-F957-4985-B0A8-594093AE15A1}.Release|Any CPU.Build.0 = Release|Any CPU
		{B7E23E44-3155-4958-98E3-A99250A4422C}.Debug|Any CPU.ActiveCfg = Debug|Any CPU
		{B7E23E44-3155-4958-98E3-A99250A4422C}.Debug|Any CPU.Build.0 = Debug|Any CPU
		{B7E23E44-3155-4958-98E3-A99250A4422C}.Release|Any CPU.ActiveCfg = Release|Any CPU
		{B7E23E44-3155-4958-98E3-A99250A4422C}.Release|Any CPU.Build.0 = Release|Any CPU
		{E892521B-69BA-4978-95CC-08408C68B9D9}.Debug|Any CPU.ActiveCfg = Debug|Any CPU
		{E892521B-69BA-4978-95CC-08408C68B9D9}.Debug|Any CPU.Build.0 = Debug|Any CPU
		{E892521B-69BA-4978-95CC-08408C68B9D9}.Release|Any CPU.ActiveCfg = Release|Any CPU
		{E892521B-69BA-4978-95CC-08408C68B9D9}.Release|Any CPU.Build.0 = Release|Any CPU
		{E5FCAF31-082A-411E-8FEB-6C524AE60C88}.Debug|Any CPU.ActiveCfg = Debug|Any CPU
		{E5FCAF31-082A-411E-8FEB-6C524AE60C88}.Debug|Any CPU.Build.0 = Debug|Any CPU
		{E5FCAF31-082A-411E-8FEB-6C524AE60C88}.Release|Any CPU.ActiveCfg = Release|Any CPU
		{E5FCAF31-082A-411E-8FEB-6C524AE60C88}.Release|Any CPU.Build.0 = Release|Any CPU
		{C2261BC0-1DB5-405F-870A-066B5E077C6C}.Debug|Any CPU.ActiveCfg = Debug|Any CPU
		{C2261BC0-1DB5-405F-870A-066B5E077C6C}.Debug|Any CPU.Build.0 = Debug|Any CPU
		{C2261BC0-1DB5-405F-870A-066B5E077C6C}.Release|Any CPU.ActiveCfg = Release|Any CPU
		{C2261BC0-1DB5-405F-870A-066B5E077C6C}.Release|Any CPU.Build.0 = Release|Any CPU
		{7BB9D0A3-33E3-4E7E-9EE3-0208C94425B2}.Debug|Any CPU.ActiveCfg = Debug|Any CPU
		{7BB9D0A3-33E3-4E7E-9EE3-0208C94425B2}.Debug|Any CPU.Build.0 = Debug|Any CPU
		{7BB9D0A3-33E3-4E7E-9EE3-0208C94425B2}.Release|Any CPU.ActiveCfg = Release|Any CPU
		{7BB9D0A3-33E3-4E7E-9EE3-0208C94425B2}.Release|Any CPU.Build.0 = Release|Any CPU
		{1F5516B9-FFB1-4328-93A4-8BC0C6CE6A8F}.Debug|Any CPU.ActiveCfg = Debug|Any CPU
		{1F5516B9-FFB1-4328-93A4-8BC0C6CE6A8F}.Debug|Any CPU.Build.0 = Debug|Any CPU
		{1F5516B9-FFB1-4328-93A4-8BC0C6CE6A8F}.Release|Any CPU.ActiveCfg = Release|Any CPU
		{1F5516B9-FFB1-4328-93A4-8BC0C6CE6A8F}.Release|Any CPU.Build.0 = Release|Any CPU
		{CC8A4980-1C4F-46A8-B6A0-7F6D3B56A802}.Debug|Any CPU.ActiveCfg = Debug|Any CPU
		{CC8A4980-1C4F-46A8-B6A0-7F6D3B56A802}.Debug|Any CPU.Build.0 = Debug|Any CPU
		{CC8A4980-1C4F-46A8-B6A0-7F6D3B56A802}.Release|Any CPU.ActiveCfg = Release|Any CPU
		{CC8A4980-1C4F-46A8-B6A0-7F6D3B56A802}.Release|Any CPU.Build.0 = Release|Any CPU
		{62F9E832-C0AB-48C7-A977-8543C92DF6B0}.Debug|Any CPU.ActiveCfg = Debug|Any CPU
		{62F9E832-C0AB-48C7-A977-8543C92DF6B0}.Debug|Any CPU.Build.0 = Debug|Any CPU
		{62F9E832-C0AB-48C7-A977-8543C92DF6B0}.Release|Any CPU.ActiveCfg = Release|Any CPU
		{62F9E832-C0AB-48C7-A977-8543C92DF6B0}.Release|Any CPU.Build.0 = Release|Any CPU
	EndGlobalSection
	GlobalSection(SolutionProperties) = preSolution
		HideSolutionNode = FALSE
	EndGlobalSection
EndGlobal
