
Microsoft Visual Studio Solution File, Format Version 12.00
# Visual Studio Express 14 for Web
VisualStudioVersion = 14.0.23107.0
MinimumVisualStudioVersion = 10.0.40219.1
Project("{FAE04EC0-301F-11D3-BF4B-00C04F79EFBC}") = "Qube.Web.Core", "Qube.Web.Core\Qube.Web.Core.csproj", "{43B292DD-F957-4985-B0A8-594093AE15A1}"
EndProject
Project("{FAE04EC0-301F-11D3-BF4B-00C04F79EFBC}") = "Qube.Web.UI", "Qube.Web.UI\Qube.Web.UI.csproj", "{B7E23E44-3155-4958-98E3-A99250A4422C}"
EndProject
Project("{FAE04EC0-301F-11D3-BF4B-00C04F79EFBC}") = "Qube.Web.Security", "Qube.Web.Security\Qube.Web.Security.csproj", "{E892521B-69BA-4978-95CC-08408C68B9D9}"
EndProject
Project("{FAE04EC0-301F-11D3-BF4B-00C04F79EFBC}") = "Qube.Extensions", "Qube.Extensions\Qube.Extensions.csproj", "{E5FCAF31-082A-411E-8FEB-6C524AE60C88}"
EndProject
Project("{FAE04EC0-301F-11D3-BF4B-00C04F79EFBC}") = "Qube.Console", "Qube.Console\Qube.Console.csproj", "{C2261BC0-1DB5-405F-870A-066B5E077C6C}"
EndProject
Project("{FAE04EC0-301F-11D3-BF4B-00C04F79EFBC}") = "Qube.Globalization", "Qube.Globalization\Qube.Globalization.csproj", "{7BB9D0A3-33E3-4E7E-9EE3-0208C94425B2}"
EndProject
Project("{FAE04EC0-301F-11D3-BF4B-00C04F79EFBC}") = "Qube.Drawing", "Qube.Drawing\Qube.Drawing.csproj", "{1F5516B9-FFB1-4328-93A4-8BC0C6CE6A8F}"
EndProject
Project("{FAE04EC0-301F-11D3-BF4B-00C04F79EFBC}") = "Qube.WebServices", "Qube.WebServices\Qube.WebServices.csproj", "{CC8A4980-1C4F-46A8-B6A0-7F6D3B56A802}"
EndProject
Project("{FAE04EC0-301F-11D3-BF4B-00C04F79EFBC}") = "Qube.IO", "Qube.IO\Qube.IO.csproj", "{62F9E832-C0AB-48C7-A977-8543C92DF6B0}"
EndProject
Project("{FAE04EC0-301F-11D3-BF4B-00C04F79EFBC}") = "Qube.Net", "Qube.Net\Qube.Net.csproj", "{057008F0-8508-40BE-8213-81D0BA9399B4}"
EndProject
Project("{2150E333-8FDC-42A3-9474-1A3956D46DE8}") = "Framework", "Framework", "{26CB4726-AEFA-4554-8DE7-E73162748A0C}"
EndProject
Project("{2150E333-8FDC-42A3-9474-1A3956D46DE8}") = "Templates", "Templates", "{B7797426-D180-49EB-A57A-23CD83401637}"
EndProject
Project("{E24C65DC-7377-472B-9ABA-BC803B73C61A}") = "Website", "Templates\Website\", "{47B6E7C2-A85B-4F4F-AA07-416CAE3399A6}"
	ProjectSection(WebsiteProperties) = preProject
		TargetFrameworkMoniker = ".NETFramework,Version%3Dv4.0"
		ProjectReferences = "{b7e23e44-3155-4958-98e3-a99250a4422c}|Qube.Web.UI.dll;{E5FCAF31-082A-411E-8FEB-6C524AE60C88}|Qube.Extensions.dll;{7BB9D0A3-33E3-4E7E-9EE3-0208C94425B2}|Qube.Globalization.dll;{43B292DD-F957-4985-B0A8-594093AE15A1}|Qube.Web.Core.dll;"
		Debug.AspNetCompiler.VirtualPath = "/localhost_56856"
		Debug.AspNetCompiler.PhysicalPath = "Templates\Website\"
		Debug.AspNetCompiler.TargetPath = "PrecompiledWeb\localhost_56856\"
		Debug.AspNetCompiler.Updateable = "true"
		Debug.AspNetCompiler.ForceOverwrite = "true"
		Debug.AspNetCompiler.FixedNames = "false"
		Debug.AspNetCompiler.Debug = "True"
		Release.AspNetCompiler.VirtualPath = "/localhost_56856"
		Release.AspNetCompiler.PhysicalPath = "Templates\Website\"
		Release.AspNetCompiler.TargetPath = "PrecompiledWeb\localhost_56856\"
		Release.AspNetCompiler.Updateable = "true"
		Release.AspNetCompiler.ForceOverwrite = "true"
		Release.AspNetCompiler.FixedNames = "false"
		Release.AspNetCompiler.Debug = "False"
		VWDPort = "56856"
		SlnRelativePath = "Templates\Website\"
		DefaultWebSiteLanguage = "Visual C#"
	EndProjectSection
EndProject
Global
	GlobalSection(SolutionConfigurationPlatforms) = preSolution
		Debug|Any CPU = Debug|Any CPU
		Release|Any CPU = Release|Any CPU
	EndGlobalSection
	GlobalSection(ProjectConfigurationPlatforms) = postSolution
		{43B292DD-F957-4985-B0A8-594093AE15A1}.Debug|Any CPU.ActiveCfg = Debug|Any CPU
		{43B292DD-F957-4985-B0A8-594093AE15A1}.Debug|Any CPU.Build.0 = Debug|Any CPU
		{43B292DD-F957-4985-B0A8-594093AE15A1}.Release|Any CPU.ActiveCfg = Release|Any CPU
		{43B292DD-F957-4985-B0A8-594093AE15A1}.Release|Any CPU.Build.0 = Release|Any CPU
		{B7E23E44-3155-4958-98E3-A99250A4422C}.Debug|Any CPU.ActiveCfg = Debug|Any CPU
		{B7E23E44-3155-4958-98E3-A99250A4422C}.Debug|Any CPU.Build.0 = Debug|Any CPU
		{B7E23E44-3155-4958-98E3-A99250A4422C}.Release|Any CPU.ActiveCfg = Release|Any CPU
		{B7E23E44-3155-4958-98E3-A99250A4422C}.Release|Any CPU.Build.0 = Release|Any CPU
		{E892521B-69BA-4978-95CC-08408C68B9D9}.Debug|Any CPU.ActiveCfg = Debug|Any CPU
		{E892521B-69BA-4978-95CC-08408C68B9D9}.Debug|Any CPU.Build.0 = Debug|Any CPU
		{E892521B-69BA-4978-95CC-08408C68B9D9}.Release|Any CPU.ActiveCfg = Release|Any CPU
		{E892521B-69BA-4978-95CC-08408C68B9D9}.Release|Any CPU.Build.0 = Release|Any CPU
		{E5FCAF31-082A-411E-8FEB-6C524AE60C88}.Debug|Any CPU.ActiveCfg = Debug|Any CPU
		{E5FCAF31-082A-411E-8FEB-6C524AE60C88}.Debug|Any CPU.Build.0 = Debug|Any CPU
		{E5FCAF31-082A-411E-8FEB-6C524AE60C88}.Release|Any CPU.ActiveCfg = Release|Any CPU
		{E5FCAF31-082A-411E-8FEB-6C524AE60C88}.Release|Any CPU.Build.0 = Release|Any CPU
		{C2261BC0-1DB5-405F-870A-066B5E077C6C}.Debug|Any CPU.ActiveCfg = Debug|Any CPU
		{C2261BC0-1DB5-405F-870A-066B5E077C6C}.Debug|Any CPU.Build.0 = Debug|Any CPU
		{C2261BC0-1DB5-405F-870A-066B5E077C6C}.Release|Any CPU.ActiveCfg = Release|Any CPU
		{C2261BC0-1DB5-405F-870A-066B5E077C6C}.Release|Any CPU.Build.0 = Release|Any CPU
		{7BB9D0A3-33E3-4E7E-9EE3-0208C94425B2}.Debug|Any CPU.ActiveCfg = Debug|Any CPU
		{7BB9D0A3-33E3-4E7E-9EE3-0208C94425B2}.Debug|Any CPU.Build.0 = Debug|Any CPU
		{7BB9D0A3-33E3-4E7E-9EE3-0208C94425B2}.Release|Any CPU.ActiveCfg = Release|Any CPU
		{7BB9D0A3-33E3-4E7E-9EE3-0208C94425B2}.Release|Any CPU.Build.0 = Release|Any CPU
		{1F5516B9-FFB1-4328-93A4-8BC0C6CE6A8F}.Debug|Any CPU.ActiveCfg = Debug|Any CPU
		{1F5516B9-FFB1-4328-93A4-8BC0C6CE6A8F}.Debug|Any CPU.Build.0 = Debug|Any CPU
		{1F5516B9-FFB1-4328-93A4-8BC0C6CE6A8F}.Release|Any CPU.ActiveCfg = Release|Any CPU
		{1F5516B9-FFB1-4328-93A4-8BC0C6CE6A8F}.Release|Any CPU.Build.0 = Release|Any CPU
		{CC8A4980-1C4F-46A8-B6A0-7F6D3B56A802}.Debug|Any CPU.ActiveCfg = Debug|Any CPU
		{CC8A4980-1C4F-46A8-B6A0-7F6D3B56A802}.Debug|Any CPU.Build.0 = Debug|Any CPU
		{CC8A4980-1C4F-46A8-B6A0-7F6D3B56A802}.Release|Any CPU.ActiveCfg = Release|Any CPU
		{CC8A4980-1C4F-46A8-B6A0-7F6D3B56A802}.Release|Any CPU.Build.0 = Release|Any CPU
		{62F9E832-C0AB-48C7-A977-8543C92DF6B0}.Debug|Any CPU.ActiveCfg = Debug|Any CPU
		{62F9E832-C0AB-48C7-A977-8543C92DF6B0}.Debug|Any CPU.Build.0 = Debug|Any CPU
		{62F9E832-C0AB-48C7-A977-8543C92DF6B0}.Release|Any CPU.ActiveCfg = Release|Any CPU
		{62F9E832-C0AB-48C7-A977-8543C92DF6B0}.Release|Any CPU.Build.0 = Release|Any CPU
		{057008F0-8508-40BE-8213-81D0BA9399B4}.Debug|Any CPU.ActiveCfg = Debug|Any CPU
		{057008F0-8508-40BE-8213-81D0BA9399B4}.Debug|Any CPU.Build.0 = Debug|Any CPU
		{057008F0-8508-40BE-8213-81D0BA9399B4}.Release|Any CPU.ActiveCfg = Release|Any CPU
		{057008F0-8508-40BE-8213-81D0BA9399B4}.Release|Any CPU.Build.0 = Release|Any CPU
		{47B6E7C2-A85B-4F4F-AA07-416CAE3399A6}.Debug|Any CPU.ActiveCfg = Debug|Any CPU
		{47B6E7C2-A85B-4F4F-AA07-416CAE3399A6}.Debug|Any CPU.Build.0 = Debug|Any CPU
		{47B6E7C2-A85B-4F4F-AA07-416CAE3399A6}.Release|Any CPU.ActiveCfg = Debug|Any CPU
		{47B6E7C2-A85B-4F4F-AA07-416CAE3399A6}.Release|Any CPU.Build.0 = Debug|Any CPU
	EndGlobalSection
	GlobalSection(SolutionProperties) = preSolution
		HideSolutionNode = FALSE
	EndGlobalSection
	GlobalSection(NestedProjects) = preSolution
		{43B292DD-F957-4985-B0A8-594093AE15A1} = {26CB4726-AEFA-4554-8DE7-E73162748A0C}
		{B7E23E44-3155-4958-98E3-A99250A4422C} = {26CB4726-AEFA-4554-8DE7-E73162748A0C}
		{E892521B-69BA-4978-95CC-08408C68B9D9} = {26CB4726-AEFA-4554-8DE7-E73162748A0C}
		{E5FCAF31-082A-411E-8FEB-6C524AE60C88} = {26CB4726-AEFA-4554-8DE7-E73162748A0C}
		{C2261BC0-1DB5-405F-870A-066B5E077C6C} = {26CB4726-AEFA-4554-8DE7-E73162748A0C}
		{7BB9D0A3-33E3-4E7E-9EE3-0208C94425B2} = {26CB4726-AEFA-4554-8DE7-E73162748A0C}
		{1F5516B9-FFB1-4328-93A4-8BC0C6CE6A8F} = {26CB4726-AEFA-4554-8DE7-E73162748A0C}
		{CC8A4980-1C4F-46A8-B6A0-7F6D3B56A802} = {26CB4726-AEFA-4554-8DE7-E73162748A0C}
		{62F9E832-C0AB-48C7-A977-8543C92DF6B0} = {26CB4726-AEFA-4554-8DE7-E73162748A0C}
		{057008F0-8508-40BE-8213-81D0BA9399B4} = {26CB4726-AEFA-4554-8DE7-E73162748A0C}
		{47B6E7C2-A85B-4F4F-AA07-416CAE3399A6} = {B7797426-D180-49EB-A57A-23CD83401637}
	EndGlobalSection
EndGlobal
